
Microsoft Visual Studio Solution File, Format Version 12.00
# Visual Studio 14
VisualStudioVersion = 14.0.25420.1
MinimumVisualStudioVersion = 10.0.40219.1
Project("{FAE04EC0-301F-11D3-BF4B-00C04F79EFBC}") = "GoatHuntAPI", "GoatHuntAPI\GoatHuntAPI.csproj", "{26EA3DAE-7FB2-44ED-9BE8-D52A13D11522}"
EndProject
Global
	GlobalSection(SolutionConfigurationPlatforms) = preSolution
		Debug|Any CPU = Debug|Any CPU
		Release|Any CPU = Release|Any CPU
	EndGlobalSection
	GlobalSection(ProjectConfigurationPlatforms) = postSolution
		{26EA3DAE-7FB2-44ED-9BE8-D52A13D11522}.Debug|Any CPU.ActiveCfg = Debug|Any CPU
		{26EA3DAE-7FB2-44ED-9BE8-D52A13D11522}.Debug|Any CPU.Build.0 = Debug|Any CPU
		{26EA3DAE-7FB2-44ED-9BE8-D52A13D11522}.Release|Any CPU.ActiveCfg = Release|Any CPU
		{26EA3DAE-7FB2-44ED-9BE8-D52A13D11522}.Release|Any CPU.Build.0 = Release|Any CPU
	EndGlobalSection
	GlobalSection(SolutionProperties) = preSolution
		HideSolutionNode = FALSE
	EndGlobalSection
EndGlobal
